
Microsoft Visual Studio Solution File, Format Version 12.00
# Visual Studio 15
VisualStudioVersion = 15.0.27428.2043
MinimumVisualStudioVersion = 10.0.40219.1
Project("{FAE04EC0-301F-11D3-BF4B-00C04F79EFBC}") = "YeetTheEarth", "YeetTheEarth\YeetTheEarth.csproj", "{685CA88E-B967-4358-872E-1D270D94BD54}"
EndProject
Global
	GlobalSection(SolutionConfigurationPlatforms) = preSolution
		Debug|Any CPU = Debug|Any CPU
		Release|Any CPU = Release|Any CPU
	EndGlobalSection
	GlobalSection(ProjectConfigurationPlatforms) = postSolution
		{685CA88E-B967-4358-872E-1D270D94BD54}.Debug|Any CPU.ActiveCfg = Debug|Any CPU
		{685CA88E-B967-4358-872E-1D270D94BD54}.Debug|Any CPU.Build.0 = Debug|Any CPU
		{685CA88E-B967-4358-872E-1D270D94BD54}.Release|Any CPU.ActiveCfg = Release|Any CPU
		{685CA88E-B967-4358-872E-1D270D94BD54}.Release|Any CPU.Build.0 = Release|Any CPU
	EndGlobalSection
	GlobalSection(SolutionProperties) = preSolution
		HideSolutionNode = FALSE
	EndGlobalSection
	GlobalSection(ExtensibilityGlobals) = postSolution
		SolutionGuid = {1C9A08D6-7A2E-4870-976C-97EE66987C6F}
	EndGlobalSection
EndGlobal
